{
  "requires": true,
  "lockfileVersion": 1,
  "dependencies": {
    "js-md5": {
      "version": "0.7.3",
      "resolved": "https://registry.npm.taobao.org/js-md5/download/js-md5-0.7.3.tgz",
      "integrity": "sha1-tPL7sLMnRV9ZjWcn447Ccs0Jw/I=",
      "dev": true
    },
    "prettier": {
      "version": "1.12.1",
      "resolved": "http://registry.npm.taobao.org/prettier/download/prettier-1.12.1.tgz",
      "integrity": "sha1-wa0g6APndJ+vkFpAnSNn4Gu+cyU="
    }
  }
}
